
Microsoft Visual Studio Solution File, Format Version 12.00
# Visual Studio Version 16
VisualStudioVersion = 16.0.31112.23
MinimumVisualStudioVersion = 10.0.40219.1
Project("{FAE04EC0-301F-11D3-BF4B-00C04F79EFBC}") = "Clipz", "Clipz.csproj", "{35A1E20B-57A1-4FC0-95AF-AC9259A37B1F}"
EndProject
Global
	GlobalSection(SolutionConfigurationPlatforms) = preSolution
		Debug|Any CPU = Debug|Any CPU
		Release|Any CPU = Release|Any CPU
	EndGlobalSection
	GlobalSection(ProjectConfigurationPlatforms) = postSolution
		{35A1E20B-57A1-4FC0-95AF-AC9259A37B1F}.Debug|Any CPU.ActiveCfg = Debug|Any CPU
		{35A1E20B-57A1-4FC0-95AF-AC9259A37B1F}.Debug|Any CPU.Build.0 = Debug|Any CPU
		{35A1E20B-57A1-4FC0-95AF-AC9259A37B1F}.Release|Any CPU.ActiveCfg = Release|Any CPU
		{35A1E20B-57A1-4FC0-95AF-AC9259A37B1F}.Release|Any CPU.Build.0 = Release|Any CPU
	EndGlobalSection
	GlobalSection(SolutionProperties) = preSolution
		HideSolutionNode = FALSE
	EndGlobalSection
	GlobalSection(ExtensibilityGlobals) = postSolution
		SolutionGuid = {56CB1963-5599-4309-B2F8-68A0296CFE14}
	EndGlobalSection
EndGlobal
